// !$*UTF8*$!
{
	archiveVersion = 1;
	classes = {
	};
	objectVersion = 46;
	objects = {

/* Begin PBXBuildFile section */
		ECF5B6CE1C1675F400ADAC5D /* AppDelegate.swift in Sources */ = {isa = PBXBuildFile; fileRef = ECF5B6CD1C1675F400ADAC5D /* AppDelegate.swift */; };
		ECF5B6D01C1675F400ADAC5D /* ViewController.swift in Sources */ = {isa = PBXBuildFile; fileRef = ECF5B6CF1C1675F400ADAC5D /* ViewController.swift */; };
		ECF5B6D31C1675F400ADAC5D /* Main.storyboard in Resources */ = {isa = PBXBuildFile; fileRef = ECF5B6D11C1675F400ADAC5D /* Main.storyboard */; };
		ECF5B6D51C1675F400ADAC5D /* Assets.xcassets in Resources */ = {isa = PBXBuildFile; fileRef = ECF5B6D41C1675F400ADAC5D /* Assets.xcassets */; };
		ECF5B6D81C1675F400ADAC5D /* LaunchScreen.storyboard in Resources */ = {isa = PBXBuildFile; fileRef = ECF5B6D61C1675F400ADAC5D /* LaunchScreen.storyboard */; };
		ECF5B6E31C1675F500ADAC5D /* HelloWorldTests.swift in Sources */ = {isa = PBXBuildFile; fileRef = ECF5B6E21C1675F500ADAC5D /* HelloWorldTests.swift */; };
		ECF5B6EE1C1675F500ADAC5D /* HelloWorldUITests.swift in Sources */ = {isa = PBXBuildFile; fileRef = ECF5B6ED1C1675F500ADAC5D /* HelloWorldUITests.swift */; };
/* End PBXBuildFile section */

/* Begin PBXContainerItemProxy section */
		ECF5B6DF1C1675F500ADAC5D /* PBXContainerItemProxy */ = {
			isa = PBXContainerItemProxy;
			containerPortal = ECF5B6C21C1675F400ADAC5D /* Project object */;
			proxyType = 1;
			remoteGlobalIDString = ECF5B6C91C1675F400ADAC5D;
			remoteInfo = HelloWorld;
		};
		ECF5B6EA1C1675F500ADAC5D /* PBXContainerItemProxy */ = {
			isa = PBXContainerItemProxy;
			containerPortal = ECF5B6C21C1675F400ADAC5D /* Project object */;
			proxyType = 1;
			remoteGlobalIDString = ECF5B6C91C1675F400ADAC5D;
			remoteInfo = HelloWorld;
		};
/* End PBXContainerItemProxy section */

/* Begin PBXFileReference section */
		ECF5B6CA1C1675F400ADAC5D /* HelloWorld.app */ = {isa = PBXFileReference; explicitFileType = wrapper.application; includeInIndex = 0; path = HelloWorld.app; sourceTree = BUILT_PRODUCTS_DIR; };
		ECF5B6CD1C1675F400ADAC5D /* AppDelegate.swift */ = {isa = PBXFileReference; lastKnownFileType = sourcecode.swift; path = AppDelegate.swift; sourceTree = "<group>"; };
		ECF5B6CF1C1675F400ADAC5D /* ViewController.swift */ = {isa = PBXFileReference; lastKnownFileType = sourcecode.swift; path = ViewController.swift; sourceTree = "<group>"; };
		ECF5B6D21C1675F400ADAC5D /* Base */ = {isa = PBXFileReference; lastKnownFileType = file.storyboard; name = Base; path = Base.lproj/Main.storyboard; sourceTree = "<group>"; };
		ECF5B6D41C1675F400ADAC5D /* Assets.xcassets */ = {isa = PBXFileReference; lastKnownFileType = folder.assetcatalog; path = Assets.xcassets; sourceTree = "<group>"; };
		ECF5B6D71C1675F400ADAC5D /* Base */ = {isa = PBXFileReference; lastKnownFileType = file.storyboard; name = Base; path = Base.lproj/LaunchScreen.storyboard; sourceTree = "<group>"; };
		ECF5B6D91C1675F400ADAC5D /* Info.plist */ = {isa = PBXFileReference; lastKnownFileType = text.plist.xml; path = Info.plist; sourceTree = "<group>"; };
		ECF5B6DE1C1675F500ADAC5D /* HelloWorldTests.xctest */ = {isa = PBXFileReference; explicitFileType = wrapper.cfbundle; includeInIndex = 0; path = HelloWorldTests.xctest; sourceTree = BUILT_PRODUCTS_DIR; };
		ECF5B6E21C1675F500ADAC5D /* HelloWorldTests.swift */ = {isa = PBXFileReference; lastKnownFileType = sourcecode.swift; path = HelloWorldTests.swift; sourceTree = "<group>"; };
		ECF5B6E41C1675F500ADAC5D /* Info.plist */ = {isa = PBXFileReference; lastKnownFileType = text.plist.xml; path = Info.plist; sourceTree = "<group>"; };
		ECF5B6E91C1675F500ADAC5D /* HelloWorldUITests.xctest */ = {isa = PBXFileReference; explicitFileType = wrapper.cfbundle; includeInIndex = 0; path = HelloWorldUITests.xctest; sourceTree = BUILT_PRODUCTS_DIR; };
		ECF5B6ED1C1675F500ADAC5D /* HelloWorldUITests.swift */ = {isa = PBXFileReference; lastKnownFileType = sourcecode.swift; path = HelloWorldUITests.swift; sourceTree = "<group>"; };
		ECF5B6EF1C1675F500ADAC5D /* Info.plist */ = {isa = PBXFileReference; lastKnownFileType = text.plist.xml; path = Info.plist; sourceTree = "<group>"; };
/* End PBXFileReference section */

/* Begin PBXFrameworksBuildPhase section */
		ECF5B6C71C1675F400ADAC5D /* Frameworks */ = {
			isa = PBXFrameworksBuildPhase;
			buildActionMask = 2147483647;
			files = (
			);
			runOnlyForDeploymentPostprocessing = 0;
		};
		ECF5B6DB1C1675F500ADAC5D /* Frameworks */ = {
			isa = PBXFrameworksBuildPhase;
			buildActionMask = 2147483647;
			files = (
			);
			runOnlyForDeploymentPostprocessing = 0;
		};
		ECF5B6E61C1675F500ADAC5D /* Frameworks */ = {
			isa = PBXFrameworksBuildPhase;
			buildActionMask = 2147483647;
			files = (
			);
			runOnlyForDeploymentPostprocessing = 0;
		};
/* End PBXFrameworksBuildPhase section */

/* Begin PBXGroup section */
		ECF5B6C11C1675F400ADAC5D = {
			isa = PBXGroup;
			children = (
				ECF5B6CC1C1675F400ADAC5D /* HelloWorld */,
				ECF5B6E11C1675F500ADAC5D /* HelloWorldTests */,
				ECF5B6EC1C1675F500ADAC5D /* HelloWorldUITests */,
				ECF5B6CB1C1675F400ADAC5D /* Products */,
			);
			sourceTree = "<group>";
		};
		ECF5B6CB1C1675F400ADAC5D /* Products */ = {
			isa = PBXGroup;
			children = (
				ECF5B6CA1C1675F400ADAC5D /* HelloWorld.app */,
				ECF5B6DE1C1675F500ADAC5D /* HelloWorldTests.xctest */,
				ECF5B6E91C1675F500ADAC5D /* HelloWorldUITests.xctest */,
			);
			name = Products;
			sourceTree = "<group>";
		};
		ECF5B6CC1C1675F400ADAC5D /* HelloWorld */ = {
			isa = PBXGroup;
			children = (
				ECF5B6CD1C1675F400ADAC5D /* AppDelegate.swift */,
				ECF5B6CF1C1675F400ADAC5D /* ViewController.swift */,
				ECF5B6D11C1675F400ADAC5D /* Main.storyboard */,
				ECF5B6D41C1675F400ADAC5D /* Assets.xcassets */,
				ECF5B6D61C1675F400ADAC5D /* LaunchScreen.storyboard */,
				ECF5B6D91C1675F400ADAC5D /* Info.plist */,
			);
			path = HelloWorld;
			sourceTree = "<group>";
		};
		ECF5B6E11C1675F500ADAC5D /* HelloWorldTests */ = {
			isa = PBXGroup;
			children = (
				ECF5B6E21C1675F500ADAC5D /* HelloWorldTests.swift */,
				ECF5B6E41C1675F500ADAC5D /* Info.plist */,
			);
			path = HelloWorldTests;
			sourceTree = "<group>";
		};
		ECF5B6EC1C1675F500ADAC5D /* HelloWorldUITests */ = {
			isa = PBXGroup;
			children = (
				ECF5B6ED1C1675F500ADAC5D /* HelloWorldUITests.swift */,
				ECF5B6EF1C1675F500ADAC5D /* Info.plist */,
			);
			path = HelloWorldUITests;
			sourceTree = "<group>";
		};
/* End PBXGroup section */

/* Begin PBXNativeTarget section */
		ECF5B6C91C1675F400ADAC5D /* HelloWorld */ = {
			isa = PBXNativeTarget;
			buildConfigurationList = ECF5B6F21C1675F500ADAC5D /* Build configuration list for PBXNativeTarget "HelloWorld" */;
			buildPhases = (
				ECF5B6C61C1675F400ADAC5D /* Sources */,
				ECF5B6C71C1675F400ADAC5D /* Frameworks */,
				ECF5B6C81C1675F400ADAC5D /* Resources */,
			);
			buildRules = (
			);
			dependencies = (
			);
			name = HelloWorld;
			productName = HelloWorld;
			productReference = ECF5B6CA1C1675F400ADAC5D /* HelloWorld.app */;
			productType = "com.apple.product-type.application";
		};
		ECF5B6DD1C1675F500ADAC5D /* HelloWorldTests */ = {
			isa = PBXNativeTarget;
			buildConfigurationList = ECF5B6F51C1675F500ADAC5D /* Build configuration list for PBXNativeTarget "HelloWorldTests" */;
			buildPhases = (
				ECF5B6DA1C1675F500ADAC5D /* Sources */,
				ECF5B6DB1C1675F500ADAC5D /* Frameworks */,
				ECF5B6DC1C1675F500ADAC5D /* Resources */,
			);
			buildRules = (
			);
			dependencies = (
				ECF5B6E01C1675F500ADAC5D /* PBXTargetDependency */,
			);
			name = HelloWorldTests;
			productName = HelloWorldTests;
			productReference = ECF5B6DE1C1675F500ADAC5D /* HelloWorldTests.xctest */;
			productType = "com.apple.product-type.bundle.unit-test";
		};
		ECF5B6E81C1675F500ADAC5D /* HelloWorldUITests */ = {
			isa = PBXNativeTarget;
			buildConfigurationList = ECF5B6F81C1675F500ADAC5D /* Build configuration list for PBXNativeTarget "HelloWorldUITests" */;
			buildPhases = (
				ECF5B6E51C1675F500ADAC5D /* Sources */,
				ECF5B6E61C1675F500ADAC5D /* Frameworks */,
				ECF5B6E71C1675F500ADAC5D /* Resources */,
			);
			buildRules = (
			);
			dependencies = (
				ECF5B6EB1C1675F500ADAC5D /* PBXTargetDependency */,
			);
			name = HelloWorldUITests;
			productName = HelloWorldUITests;
			productReference = ECF5B6E91C1675F500ADAC5D /* HelloWorldUITests.xctest */;
			productType = "com.apple.product-type.bundle.ui-testing";
		};
/* End PBXNativeTarget section */

/* Begin PBXProject section */
		ECF5B6C21C1675F400ADAC5D /* Project object */ = {
			isa = PBXProject;
			attributes = {
				LastSwiftUpdateCheck = 0710;
				LastUpgradeCheck = 0710;
				ORGANIZATIONNAME = datomi;
				TargetAttributes = {
					ECF5B6C91C1675F400ADAC5D = {
						CreatedOnToolsVersion = 7.1.1;
						DevelopmentTeam = BLPP5RE6MN;
					};
					ECF5B6DD1C1675F500ADAC5D = {
						CreatedOnToolsVersion = 7.1.1;
						DevelopmentTeam = BLPP5RE6MN;
						TestTargetID = ECF5B6C91C1675F400ADAC5D;
					};
					ECF5B6E81C1675F500ADAC5D = {
						CreatedOnToolsVersion = 7.1.1;
						DevelopmentTeam = BLPP5RE6MN;
						TestTargetID = ECF5B6C91C1675F400ADAC5D;
					};
				};
			};
			buildConfigurationList = ECF5B6C51C1675F400ADAC5D /* Build configuration list for PBXProject "HelloWorld" */;
			compatibilityVersion = "Xcode 3.2";
			developmentRegion = English;
			hasScannedForEncodings = 0;
			knownRegions = (
				en,
				Base,
			);
			mainGroup = ECF5B6C11C1675F400ADAC5D;
			productRefGroup = ECF5B6CB1C1675F400ADAC5D /* Products */;
			projectDirPath = "";
			projectRoot = "";
			targets = (
				ECF5B6C91C1675F400ADAC5D /* HelloWorld */,
				ECF5B6DD1C1675F500ADAC5D /* HelloWorldTests */,
				ECF5B6E81C1675F500ADAC5D /* HelloWorldUITests */,
			);
		};
/* End PBXProject section */

/* Begin PBXResourcesBuildPhase section */
		ECF5B6C81C1675F400ADAC5D /* Resources */ = {
			isa = PBXResourcesBuildPhase;
			buildActionMask = 2147483647;
			files = (
				ECF5B6D81C1675F400ADAC5D /* LaunchScreen.storyboard in Resources */,
				ECF5B6D51C1675F400ADAC5D /* Assets.xcassets in Resources */,
				ECF5B6D31C1675F400ADAC5D /* Main.storyboard in Resources */,
			);
			runOnlyForDeploymentPostprocessing = 0;
		};
		ECF5B6DC1C1675F500ADAC5D /* Resources */ = {
			isa = PBXResourcesBuildPhase;
			buildActionMask = 2147483647;
			files = (
			);
			runOnlyForDeploymentPostprocessing = 0;
		};
		ECF5B6E71C1675F500ADAC5D /* Resources */ = {
			isa = PBXResourcesBuildPhase;
			buildActionMask = 2147483647;
			files = (
			);
			runOnlyForDeploymentPostprocessing = 0;
		};
/* End PBXResourcesBuildPhase section */

/* Begin PBXSourcesBuildPhase section */
		ECF5B6C61C1675F400ADAC5D /* Sources */ = {
			isa = PBXSourcesBuildPhase;
			buildActionMask = 2147483647;
			files = (
				ECF5B6D01C1675F400ADAC5D /* ViewController.swift in Sources */,
				ECF5B6CE1C1675F400ADAC5D /* AppDelegate.swift in Sources */,
			);
			runOnlyForDeploymentPostprocessing = 0;
		};
		ECF5B6DA1C1675F500ADAC5D /* Sources */ = {
			isa = PBXSourcesBuildPhase;
			buildActionMask = 2147483647;
			files = (
				ECF5B6E31C1675F500ADAC5D /* HelloWorldTests.swift in Sources */,
			);
			runOnlyForDeploymentPostprocessing = 0;
		};
		ECF5B6E51C1675F500ADAC5D /* Sources */ = {
			isa = PBXSourcesBuildPhase;
			buildActionMask = 2147483647;
			files = (
				ECF5B6EE1C1675F500ADAC5D /* HelloWorldUITests.swift in Sources */,
			);
			runOnlyForDeploymentPostprocessing = 0;
		};
/* End PBXSourcesBuildPhase section */

/* Begin PBXTargetDependency section */
		ECF5B6E01C1675F500ADAC5D /* PBXTargetDependency */ = {
			isa = PBXTargetDependency;
			target = ECF5B6C91C1675F400ADAC5D /* HelloWorld */;
			targetProxy = ECF5B6DF1C1675F500ADAC5D /* PBXContainerItemProxy */;
		};
		ECF5B6EB1C1675F500ADAC5D /* PBXTargetDependency */ = {
			isa = PBXTargetDependency;
			target = ECF5B6C91C1675F400ADAC5D /* HelloWorld */;
			targetProxy = ECF5B6EA1C1675F500ADAC5D /* PBXContainerItemProxy */;
		};
/* End PBXTargetDependency section */

/* Begin PBXVariantGroup section */
		ECF5B6D11C1675F400ADAC5D /* Main.storyboard */ = {
			isa = PBXVariantGroup;
			children = (
				ECF5B6D21C1675F400ADAC5D /* Base */,
			);
			name = Main.storyboard;
			sourceTree = "<group>";
		};
		ECF5B6D61C1675F400ADAC5D /* LaunchScreen.storyboard */ = {
			isa = PBXVariantGroup;
			children = (
				ECF5B6D71C1675F400ADAC5D /* Base */,
			);
			name = LaunchScreen.storyboard;
			sourceTree = "<group>";
		};
/* End PBXVariantGroup section */

/* Begin XCBuildConfiguration section */
		ECF5B6F01C1675F500ADAC5D /* Debug */ = {
			isa = XCBuildConfiguration;
			buildSettings = {
				ALWAYS_SEARCH_USER_PATHS = NO;
				CLANG_CXX_LANGUAGE_STANDARD = "gnu++0x";
				CLANG_CXX_LIBRARY = "libc++";
				CLANG_ENABLE_MODULES = YES;
				CLANG_ENABLE_OBJC_ARC = YES;
				CLANG_WARN_BOOL_CONVERSION = YES;
				CLANG_WARN_CONSTANT_CONVERSION = YES;
				CLANG_WARN_DIRECT_OBJC_ISA_USAGE = YES_ERROR;
				CLANG_WARN_EMPTY_BODY = YES;
				CLANG_WARN_ENUM_CONVERSION = YES;
				CLANG_WARN_INT_CONVERSION = YES;
				CLANG_WARN_OBJC_ROOT_CLASS = YES_ERROR;
				CLANG_WARN_UNREACHABLE_CODE = YES;
				CLANG_WARN__DUPLICATE_METHOD_MATCH = YES;
				"CODE_SIGN_IDENTITY[sdk=iphoneos*]" = "iPhone Developer";
				COPY_PHASE_STRIP = NO;
				DEBUG_INFORMATION_FORMAT = dwarf;
				ENABLE_STRICT_OBJC_MSGSEND = YES;
				ENABLE_TESTABILITY = YES;
				GCC_C_LANGUAGE_STANDARD = gnu99;
				GCC_DYNAMIC_NO_PIC = NO;
				GCC_NO_COMMON_BLOCKS = YES;
				GCC_OPTIMIZATION_LEVEL = 0;
				GCC_PREPROCESSOR_DEFINITIONS = (
					"DEBUG=1",
					"$(inherited)",
				);
				GCC_WARN_64_TO_32_BIT_CONVERSION = YES;
				GCC_WARN_ABOUT_RETURN_TYPE = YES_ERROR;
				GCC_WARN_UNDECLARED_SELECTOR = YES;
				GCC_WARN_UNINITIALIZED_AUTOS = YES_AGGRESSIVE;
				GCC_WARN_UNUSED_FUNCTION = YES;
				GCC_WARN_UNUSED_VARIABLE = YES;
				IPHONEOS_DEPLOYMENT_TARGET = 9.1;
				MTL_ENABLE_DEBUG_INFO = YES;
				ONLY_ACTIVE_ARCH = YES;
				SDKROOT = iphoneos;
				SWIFT_OPTIMIZATION_LEVEL = "-Onone";
				TARGETED_DEVICE_FAMILY = "1,2";
			};
			name = Debug;
		};
		ECF5B6F11C1675F500ADAC5D /* Release */ = {
			isa = XCBuildConfiguration;
			buildSettings = {
				ALWAYS_SEARCH_USER_PATHS = NO;
				CLANG_CXX_LANGUAGE_STANDARD = "gnu++0x";
				CLANG_CXX_LIBRARY = "libc++";
				CLANG_ENABLE_MODULES = YES;
				CLANG_ENABLE_OBJC_ARC = YES;
				CLANG_WARN_BOOL_CONVERSION = YES;
				CLANG_WARN_CONSTANT_CONVERSION = YES;
				CLANG_WARN_DIRECT_OBJC_ISA_USAGE = YES_ERROR;
				CLANG_WARN_EMPTY_BODY = YES;
				CLANG_WARN_ENUM_CONVERSION = YES;
				CLANG_WARN_INT_CONVERSION = YES;
				CLANG_WARN_OBJC_ROOT_CLASS = YES_ERROR;
				CLANG_WARN_UNREACHABLE_CODE = YES;
				CLANG_WARN__DUPLICATE_METHOD_MATCH = YES;
				"CODE_SIGN_IDENTITY[sdk=iphoneos*]" = "iPhone Developer";
				COPY_PHASE_STRIP = NO;
				DEBUG_INFORMATION_FORMAT = "dwarf-with-dsym";
				ENABLE_NS_ASSERTIONS = NO;
				ENABLE_STRICT_OBJC_MSGSEND = YES;
				GCC_C_LANGUAGE_STANDARD = gnu99;
				GCC_NO_COMMON_BLOCKS = YES;
				GCC_WARN_64_TO_32_BIT_CONVERSION = YES;
				GCC_WARN_ABOUT_RETURN_TYPE = YES_ERROR;
				GCC_WARN_UNDECLARED_SELECTOR = YES;
				GCC_WARN_UNINITIALIZED_AUTOS = YES_AGGRESSIVE;
				GCC_WARN_UNUSED_FUNCTION = YES;
				GCC_WARN_UNUSED_VARIABLE = YES;
				IPHONEOS_DEPLOYMENT_TARGET = 9.1;
				MTL_ENABLE_DEBUG_INFO = NO;
				SDKROOT = iphoneos;
				TARGETED_DEVICE_FAMILY = "1,2";
				VALIDATE_PRODUCT = YES;
			};
			name = Release;
		};
		ECF5B6F31C1675F500ADAC5D /* Debug */ = {
			isa = XCBuildConfiguration;
			buildSettings = {
				ASSETCATALOG_COMPILER_APPICON_NAME = AppIcon;
				INFOPLIST_FILE = HelloWorld/Info.plist;
				LD_RUNPATH_SEARCH_PATHS = "$(inherited) @executable_path/Frameworks";
				PRODUCT_BUNDLE_IDENTIFIER = com.datomi.HelloWorld;
				PRODUCT_NAME = "$(TARGET_NAME)";
			};
			name = Debug;
		};
		ECF5B6F41C1675F500ADAC5D /* Release */ = {
			isa = XCBuildConfiguration;
			buildSettings = {
				ASSETCATALOG_COMPILER_APPICON_NAME = AppIcon;
				INFOPLIST_FILE = HelloWorld/Info.plist;
				LD_RUNPATH_SEARCH_PATHS = "$(inherited) @executable_path/Frameworks";
				PRODUCT_BUNDLE_IDENTIFIER = com.datomi.HelloWorld;
				PRODUCT_NAME = "$(TARGET_NAME)";
			};
			name = Release;
		};
		ECF5B6F61C1675F500ADAC5D /* Debug */ = {
			isa = XCBuildConfiguration;
			buildSettings = {
				BUNDLE_LOADER = "$(TEST_HOST)";
				INFOPLIST_FILE = HelloWorldTests/Info.plist;
				LD_RUNPATH_SEARCH_PATHS = "$(inherited) @executable_path/Frameworks @loader_path/Frameworks";
				PRODUCT_BUNDLE_IDENTIFIER = com.datomi.HelloWorldTests;
				PRODUCT_NAME = "$(TARGET_NAME)";
				TEST_HOST = "$(BUILT_PRODUCTS_DIR)/HelloWorld.app/HelloWorld";
			};
			name = Debug;
		};
		ECF5B6F71C1675F500ADAC5D /* Release */ = {
			isa = XCBuildConfiguration;
			buildSettings = {
				BUNDLE_LOADER = "$(TEST_HOST)";
				INFOPLIST_FILE = HelloWorldTests/Info.plist;
				LD_RUNPATH_SEARCH_PATHS = "$(inherited) @executable_path/Frameworks @loader_path/Frameworks";
				PRODUCT_BUNDLE_IDENTIFIER = com.datomi.HelloWorldTests;
				PRODUCT_NAME = "$(TARGET_NAME)";
				TEST_HOST = "$(BUILT_PRODUCTS_DIR)/HelloWorld.app/HelloWorld";
			};
			name = Release;
		};
		ECF5B6F91C1675F500ADAC5D /* Debug */ = {
			isa = XCBuildConfiguration;
			buildSettings = {
				INFOPLIST_FILE = HelloWorldUITests/Info.plist;
				LD_RUNPATH_SEARCH_PATHS = "$(inherited) @executable_path/Frameworks @loader_path/Frameworks";
				PRODUCT_BUNDLE_IDENTIFIER = com.datomi.HelloWorldUITests;
				PRODUCT_NAME = "$(TARGET_NAME)";
				TEST_TARGET_NAME = HelloWorld;
				USES_XCTRUNNER = YES;
			};
			name = Debug;
		};
		ECF5B6FA1C1675F500ADAC5D /* Release */ = {
			isa = XCBuildConfiguration;
			buildSettings = {
				INFOPLIST_FILE = HelloWorldUITests/Info.plist;
				LD_RUNPATH_SEARCH_PATHS = "$(inherited) @executable_path/Frameworks @loader_path/Frameworks";
				PRODUCT_BUNDLE_IDENTIFIER = com.datomi.HelloWorldUITests;
				PRODUCT_NAME = "$(TARGET_NAME)";
				TEST_TARGET_NAME = HelloWorld;
				USES_XCTRUNNER = YES;
			};
			name = Release;
		};
/* End XCBuildConfiguration section */

/* Begin XCConfigurationList section */
		ECF5B6C51C1675F400ADAC5D /* Build configuration list for PBXProject "HelloWorld" */ = {
			isa = XCConfigurationList;
			buildConfigurations = (
				ECF5B6F01C1675F500ADAC5D /* Debug */,
				ECF5B6F11C1675F500ADAC5D /* Release */,
			);
			defaultConfigurationIsVisible = 0;
			defaultConfigurationName = Release;
		};
		ECF5B6F21C1675F500ADAC5D /* Build configuration list for PBXNativeTarget "HelloWorld" */ = {
			isa = XCConfigurationList;
			buildConfigurations = (
				ECF5B6F31C1675F500ADAC5D /* Debug */,
				ECF5B6F41C1675F500ADAC5D /* Release */,
			);
			defaultConfigurationIsVisible = 0;
		};
		ECF5B6F51C1675F500ADAC5D /* Build configuration list for PBXNativeTarget "HelloWorldTests" */ = {
			isa = XCConfigurationList;
			buildConfigurations = (
				ECF5B6F61C1675F500ADAC5D /* Debug */,
				ECF5B6F71C1675F500ADAC5D /* Release */,
			);
			defaultConfigurationIsVisible = 0;
		};
		ECF5B6F81C1675F500ADAC5D /* Build configuration list for PBXNativeTarget "HelloWorldUITests" */ = {
			isa = XCConfigurationList;
			buildConfigurations = (
				ECF5B6F91C1675F500ADAC5D /* Debug */,
				ECF5B6FA1C1675F500ADAC5D /* Release */,
			);
			defaultConfigurationIsVisible = 0;
		};
/* End XCConfigurationList section */
	};
	rootObject = ECF5B6C21C1675F400ADAC5D /* Project object */;
}
